{
  "name": "advent-of-code-2021",
  "version": "1.0.0",
  "lockfileVersion": 2,
  "requires": true,
  "packages": {
    "": {
      "name": "advent-of-code-2021",
      "version": "1.0.0",
      "license": "ISC",
      "dependencies": {
        "fp-ts": "^2.11.5",
        "io-ts": "^2.2.16",
        "ramda": "^0.27.1"
      },
      "devDependencies": {
        "@tsconfig/recommended": "^1.0.1",
        "@types/node": "^16.11.11",
        "typescript": "^4.5.2"
      }
    },
    "node_modules/@tsconfig/recommended": {
      "version": "1.0.1",
      "resolved": "https://registry.npmjs.org/@tsconfig/recommended/-/recommended-1.0.1.tgz",
      "integrity": "sha512-2xN+iGTbPBEzGSnVp/Hd64vKJCJWxsi9gfs88x4PPMyEjHJoA3o5BY9r5OLPHIZU2pAQxkSAsJFqn6itClP8mQ==",
      "dev": true
    },
    "node_modules/@types/node": {
      "version": "16.11.11",
      "resolved": "https://registry.npmjs.org/@types/node/-/node-16.11.11.tgz",
      "integrity": "sha512-KB0sixD67CeecHC33MYn+eYARkqTheIRNuu97y2XMjR7Wu3XibO1vaY6VBV6O/a89SPI81cEUIYT87UqUWlZNw==",
      "dev": true
    },
    "node_modules/fp-ts": {
      "version": "2.11.5",
      "resolved": "https://registry.npmjs.org/fp-ts/-/fp-ts-2.11.5.tgz",
      "integrity": "sha512-OqlwJq1BdpB83BZXTqI+dNcA6uYk6qk4u9Cgnt64Y+XS7dwdbp/mobx8S2KXf2AXH+scNmA/UVK3SEFHR3vHZA=="
    },
    "node_modules/io-ts": {
      "version": "2.2.16",
      "resolved": "https://registry.npmjs.org/io-ts/-/io-ts-2.2.16.tgz",
      "integrity": "sha512-y5TTSa6VP6le0hhmIyN0dqEXkrZeJLeC5KApJq6VLci3UEKF80lZ+KuoUs02RhBxNWlrqSNxzfI7otLX1Euv8Q==",
      "peerDependencies": {
        "fp-ts": "^2.5.0"
      }
    },
    "node_modules/ramda": {
      "version": "0.27.1",
      "resolved": "https://registry.npmjs.org/ramda/-/ramda-0.27.1.tgz",
      "integrity": "sha512-PgIdVpn5y5Yns8vqb8FzBUEYn98V3xcPgawAkkgj0YJ0qDsnHCiNmZYfOGMgOvoB0eWFLpYbhxUR3mxfDIMvpw=="
    },
    "node_modules/typescript": {
      "version": "4.5.2",
      "resolved": "https://registry.npmjs.org/typescript/-/typescript-4.5.2.tgz",
      "integrity": "sha512-5BlMof9H1yGt0P8/WF+wPNw6GfctgGjXp5hkblpyT+8rkASSmkUKMXrxR0Xg8ThVCi/JnHQiKXeBaEwCeQwMFw==",
      "dev": true,
      "bin": {
        "tsc": "bin/tsc",
        "tsserver": "bin/tsserver"
      },
      "engines": {
        "node": ">=4.2.0"
      }
    }
  },
  "dependencies": {
    "@tsconfig/recommended": {
      "version": "1.0.1",
      "resolved": "https://registry.npmjs.org/@tsconfig/recommended/-/recommended-1.0.1.tgz",
      "integrity": "sha512-2xN+iGTbPBEzGSnVp/Hd64vKJCJWxsi9gfs88x4PPMyEjHJoA3o5BY9r5OLPHIZU2pAQxkSAsJFqn6itClP8mQ==",
      "dev": true
    },
    "@types/node": {
      "version": "16.11.11",
      "resolved": "https://registry.npmjs.org/@types/node/-/node-16.11.11.tgz",
      "integrity": "sha512-KB0sixD67CeecHC33MYn+eYARkqTheIRNuu97y2XMjR7Wu3XibO1vaY6VBV6O/a89SPI81cEUIYT87UqUWlZNw==",
      "dev": true
    },
    "fp-ts": {
      "version": "2.11.5",
      "resolved": "https://registry.npmjs.org/fp-ts/-/fp-ts-2.11.5.tgz",
      "integrity": "sha512-OqlwJq1BdpB83BZXTqI+dNcA6uYk6qk4u9Cgnt64Y+XS7dwdbp/mobx8S2KXf2AXH+scNmA/UVK3SEFHR3vHZA=="
    },
    "io-ts": {
      "version": "2.2.16",
      "resolved": "https://registry.npmjs.org/io-ts/-/io-ts-2.2.16.tgz",
      "integrity": "sha512-y5TTSa6VP6le0hhmIyN0dqEXkrZeJLeC5KApJq6VLci3UEKF80lZ+KuoUs02RhBxNWlrqSNxzfI7otLX1Euv8Q==",
      "requires": {}
    },
    "ramda": {
      "version": "0.27.1",
      "resolved": "https://registry.npmjs.org/ramda/-/ramda-0.27.1.tgz",
      "integrity": "sha512-PgIdVpn5y5Yns8vqb8FzBUEYn98V3xcPgawAkkgj0YJ0qDsnHCiNmZYfOGMgOvoB0eWFLpYbhxUR3mxfDIMvpw=="
    },
    "typescript": {
      "version": "4.5.2",
      "resolved": "https://registry.npmjs.org/typescript/-/typescript-4.5.2.tgz",
      "integrity": "sha512-5BlMof9H1yGt0P8/WF+wPNw6GfctgGjXp5hkblpyT+8rkASSmkUKMXrxR0Xg8ThVCi/JnHQiKXeBaEwCeQwMFw==",
      "dev": true
    }
  }
}
